
Microsoft Visual Studio Solution File, Format Version 12.00
Project("{FAE04EC0-301F-11D3-BF4B-00C04F79EFBC}") = "Archiver_Kononov.K.G._11-809", "Archiver_Kononov.K.G._11-809\Archiver_Kononov.K.G._11-809.csproj", "{2F48B2DC-9BCF-47FB-8161-DE5C2FE2FD4F}"
EndProject
Global
	GlobalSection(SolutionConfigurationPlatforms) = preSolution
		Debug|Any CPU = Debug|Any CPU
		Release|Any CPU = Release|Any CPU
	EndGlobalSection
	GlobalSection(ProjectConfigurationPlatforms) = postSolution
		{2F48B2DC-9BCF-47FB-8161-DE5C2FE2FD4F}.Debug|Any CPU.ActiveCfg = Debug|Any CPU
		{2F48B2DC-9BCF-47FB-8161-DE5C2FE2FD4F}.Debug|Any CPU.Build.0 = Debug|Any CPU
		{2F48B2DC-9BCF-47FB-8161-DE5C2FE2FD4F}.Release|Any CPU.ActiveCfg = Release|Any CPU
		{2F48B2DC-9BCF-47FB-8161-DE5C2FE2FD4F}.Release|Any CPU.Build.0 = Release|Any CPU
	EndGlobalSection
EndGlobal
